
Microsoft Visual Studio Solution File, Format Version 12.00
# Visual Studio Version 17
VisualStudioVersion = 17.14.36511.14 d17.14
MinimumVisualStudioVersion = 10.0.40219.1
Project("{888888A0-9F3D-457C-B088-3A5042F75D52}") = "PS8P4", "PS8P4.pyproj", "{A82F3E63-1A09-464C-939E-D8A1DC791035}"
EndProject
Global
	GlobalSection(SolutionConfigurationPlatforms) = preSolution
		Debug|Any CPU = Debug|Any CPU
		Release|Any CPU = Release|Any CPU
	EndGlobalSection
	GlobalSection(ProjectConfigurationPlatforms) = postSolution
		{A82F3E63-1A09-464C-939E-D8A1DC791035}.Debug|Any CPU.ActiveCfg = Debug|Any CPU
		{A82F3E63-1A09-464C-939E-D8A1DC791035}.Release|Any CPU.ActiveCfg = Release|Any CPU
	EndGlobalSection
	GlobalSection(SolutionProperties) = preSolution
		HideSolutionNode = FALSE
	EndGlobalSection
	GlobalSection(ExtensibilityGlobals) = postSolution
		SolutionGuid = {0BEDB025-E902-4ECC-865F-5DBB5CC421C2}
	EndGlobalSection
EndGlobal
