
Microsoft Visual Studio Solution File, Format Version 12.00
# Visual Studio Version 17
VisualStudioVersion = 17.14.36511.14 d17.14
MinimumVisualStudioVersion = 10.0.40219.1
Project("{888888A0-9F3D-457C-B088-3A5042F75D52}") = "PS8P2", "PS8P2.pyproj", "{D745F3E0-6AA2-4379-8E34-4D2488EBAFAC}"
EndProject
Global
	GlobalSection(SolutionConfigurationPlatforms) = preSolution
		Debug|Any CPU = Debug|Any CPU
		Release|Any CPU = Release|Any CPU
	EndGlobalSection
	GlobalSection(ProjectConfigurationPlatforms) = postSolution
		{D745F3E0-6AA2-4379-8E34-4D2488EBAFAC}.Debug|Any CPU.ActiveCfg = Debug|Any CPU
		{D745F3E0-6AA2-4379-8E34-4D2488EBAFAC}.Release|Any CPU.ActiveCfg = Release|Any CPU
	EndGlobalSection
	GlobalSection(SolutionProperties) = preSolution
		HideSolutionNode = FALSE
	EndGlobalSection
	GlobalSection(ExtensibilityGlobals) = postSolution
		SolutionGuid = {865A8775-F5F1-4413-B7E2-6D15A6191B41}
	EndGlobalSection
EndGlobal
