
Microsoft Visual Studio Solution File, Format Version 12.00
# Visual Studio Version 17
VisualStudioVersion = 17.14.36511.14 d17.14
MinimumVisualStudioVersion = 10.0.40219.1
Project("{888888A0-9F3D-457C-B088-3A5042F75D52}") = "PS7P2", "PS7P2.pyproj", "{91BC9853-709A-46BA-AEC3-DEBC557D2EE7}"
EndProject
Global
	GlobalSection(SolutionConfigurationPlatforms) = preSolution
		Debug|Any CPU = Debug|Any CPU
		Release|Any CPU = Release|Any CPU
	EndGlobalSection
	GlobalSection(ProjectConfigurationPlatforms) = postSolution
		{91BC9853-709A-46BA-AEC3-DEBC557D2EE7}.Debug|Any CPU.ActiveCfg = Debug|Any CPU
		{91BC9853-709A-46BA-AEC3-DEBC557D2EE7}.Release|Any CPU.ActiveCfg = Release|Any CPU
	EndGlobalSection
	GlobalSection(SolutionProperties) = preSolution
		HideSolutionNode = FALSE
	EndGlobalSection
	GlobalSection(ExtensibilityGlobals) = postSolution
		SolutionGuid = {31B87CBA-E2F2-4A0A-B5AA-B04F8BE88E55}
	EndGlobalSection
EndGlobal
