
Microsoft Visual Studio Solution File, Format Version 12.00
# Visual Studio Version 17
VisualStudioVersion = 17.14.36511.14 d17.14
MinimumVisualStudioVersion = 10.0.40219.1
Project("{888888A0-9F3D-457C-B088-3A5042F75D52}") = "PS12P2", "PS12P2.pyproj", "{7D296355-6C84-444F-9153-23AE6D03AE27}"
EndProject
Global
	GlobalSection(SolutionConfigurationPlatforms) = preSolution
		Debug|Any CPU = Debug|Any CPU
		Release|Any CPU = Release|Any CPU
	EndGlobalSection
	GlobalSection(ProjectConfigurationPlatforms) = postSolution
		{7D296355-6C84-444F-9153-23AE6D03AE27}.Debug|Any CPU.ActiveCfg = Debug|Any CPU
		{7D296355-6C84-444F-9153-23AE6D03AE27}.Release|Any CPU.ActiveCfg = Release|Any CPU
	EndGlobalSection
	GlobalSection(SolutionProperties) = preSolution
		HideSolutionNode = FALSE
	EndGlobalSection
	GlobalSection(ExtensibilityGlobals) = postSolution
		SolutionGuid = {58A213BA-79B0-4331-B103-24FBD0BC6FB5}
	EndGlobalSection
EndGlobal
