
Microsoft Visual Studio Solution File, Format Version 12.00
# Visual Studio Version 17
VisualStudioVersion = 17.14.36511.14 d17.14
MinimumVisualStudioVersion = 10.0.40219.1
Project("{888888A0-9F3D-457C-B088-3A5042F75D52}") = "PS12P5", "PS12P5.pyproj", "{296739F0-9DA7-4F79-B417-FB14739DE814}"
EndProject
Global
	GlobalSection(SolutionConfigurationPlatforms) = preSolution
		Debug|Any CPU = Debug|Any CPU
		Release|Any CPU = Release|Any CPU
	EndGlobalSection
	GlobalSection(ProjectConfigurationPlatforms) = postSolution
		{296739F0-9DA7-4F79-B417-FB14739DE814}.Debug|Any CPU.ActiveCfg = Debug|Any CPU
		{296739F0-9DA7-4F79-B417-FB14739DE814}.Release|Any CPU.ActiveCfg = Release|Any CPU
	EndGlobalSection
	GlobalSection(SolutionProperties) = preSolution
		HideSolutionNode = FALSE
	EndGlobalSection
	GlobalSection(ExtensibilityGlobals) = postSolution
		SolutionGuid = {ACDB3602-7CF9-48C7-8E0C-38FDA5980C20}
	EndGlobalSection
EndGlobal
