
Microsoft Visual Studio Solution File, Format Version 12.00
# Visual Studio Version 17
VisualStudioVersion = 17.14.36511.14 d17.14
MinimumVisualStudioVersion = 10.0.40219.1
Project("{888888A0-9F3D-457C-B088-3A5042F75D52}") = "PS12P3", "PS12P3.pyproj", "{EFCE55DA-2728-4C83-97DA-2D426E549587}"
EndProject
Global
	GlobalSection(SolutionConfigurationPlatforms) = preSolution
		Debug|Any CPU = Debug|Any CPU
		Release|Any CPU = Release|Any CPU
	EndGlobalSection
	GlobalSection(ProjectConfigurationPlatforms) = postSolution
		{EFCE55DA-2728-4C83-97DA-2D426E549587}.Debug|Any CPU.ActiveCfg = Debug|Any CPU
		{EFCE55DA-2728-4C83-97DA-2D426E549587}.Release|Any CPU.ActiveCfg = Release|Any CPU
	EndGlobalSection
	GlobalSection(SolutionProperties) = preSolution
		HideSolutionNode = FALSE
	EndGlobalSection
	GlobalSection(ExtensibilityGlobals) = postSolution
		SolutionGuid = {1B3557D4-39B0-4A04-93FF-5ED21FFCFC7D}
	EndGlobalSection
EndGlobal
