
Microsoft Visual Studio Solution File, Format Version 12.00
# Visual Studio Version 17
VisualStudioVersion = 17.14.36511.14 d17.14
MinimumVisualStudioVersion = 10.0.40219.1
Project("{888888A0-9F3D-457C-B088-3A5042F75D52}") = "PS11P1(Wikipedia Activity)", "PS11P1(Wikipedia Activity).pyproj", "{E48FB2D5-9F20-4BB1-A8FB-600C2B701B3E}"
EndProject
Global
	GlobalSection(SolutionConfigurationPlatforms) = preSolution
		Debug|Any CPU = Debug|Any CPU
		Release|Any CPU = Release|Any CPU
	EndGlobalSection
	GlobalSection(ProjectConfigurationPlatforms) = postSolution
		{E48FB2D5-9F20-4BB1-A8FB-600C2B701B3E}.Debug|Any CPU.ActiveCfg = Debug|Any CPU
		{E48FB2D5-9F20-4BB1-A8FB-600C2B701B3E}.Release|Any CPU.ActiveCfg = Release|Any CPU
	EndGlobalSection
	GlobalSection(SolutionProperties) = preSolution
		HideSolutionNode = FALSE
	EndGlobalSection
	GlobalSection(ExtensibilityGlobals) = postSolution
		SolutionGuid = {6E9E6370-A98B-4765-B6B4-D84B8945947C}
	EndGlobalSection
EndGlobal
