
Microsoft Visual Studio Solution File, Format Version 12.00
# Visual Studio Version 17
VisualStudioVersion = 17.14.36511.14 d17.14
MinimumVisualStudioVersion = 10.0.40219.1
Project("{888888A0-9F3D-457C-B088-3A5042F75D52}") = "PS3P4", "PS3P4.pyproj", "{7B760AF4-49EF-41D5-BCB9-672620E7BBC1}"
EndProject
Global
	GlobalSection(SolutionConfigurationPlatforms) = preSolution
		Debug|Any CPU = Debug|Any CPU
		Release|Any CPU = Release|Any CPU
	EndGlobalSection
	GlobalSection(ProjectConfigurationPlatforms) = postSolution
		{7B760AF4-49EF-41D5-BCB9-672620E7BBC1}.Debug|Any CPU.ActiveCfg = Debug|Any CPU
		{7B760AF4-49EF-41D5-BCB9-672620E7BBC1}.Release|Any CPU.ActiveCfg = Release|Any CPU
	EndGlobalSection
	GlobalSection(SolutionProperties) = preSolution
		HideSolutionNode = FALSE
	EndGlobalSection
	GlobalSection(ExtensibilityGlobals) = postSolution
		SolutionGuid = {9531C3C6-DAA9-490D-9051-1A7691418EA2}
	EndGlobalSection
EndGlobal
