
Microsoft Visual Studio Solution File, Format Version 12.00
# Visual Studio Version 17
VisualStudioVersion = 17.14.36511.14 d17.14
MinimumVisualStudioVersion = 10.0.40219.1
Project("{888888A0-9F3D-457C-B088-3A5042F75D52}") = "PS3P5", "PS3P5.pyproj", "{BFD039EE-6C23-4562-9146-89E36ABA4CFF}"
EndProject
Global
	GlobalSection(SolutionConfigurationPlatforms) = preSolution
		Debug|Any CPU = Debug|Any CPU
		Release|Any CPU = Release|Any CPU
	EndGlobalSection
	GlobalSection(ProjectConfigurationPlatforms) = postSolution
		{BFD039EE-6C23-4562-9146-89E36ABA4CFF}.Debug|Any CPU.ActiveCfg = Debug|Any CPU
		{BFD039EE-6C23-4562-9146-89E36ABA4CFF}.Release|Any CPU.ActiveCfg = Release|Any CPU
	EndGlobalSection
	GlobalSection(SolutionProperties) = preSolution
		HideSolutionNode = FALSE
	EndGlobalSection
	GlobalSection(ExtensibilityGlobals) = postSolution
		SolutionGuid = {36636AE0-A153-4C11-8CB6-146AEE192D72}
	EndGlobalSection
EndGlobal
