
Microsoft Visual Studio Solution File, Format Version 12.00
# Visual Studio Version 17
VisualStudioVersion = 17.14.36511.14 d17.14
MinimumVisualStudioVersion = 10.0.40219.1
Project("{888888A0-9F3D-457C-B088-3A5042F75D52}") = "PS5P5", "PS5P5.pyproj", "{90D0A03C-1B0D-4904-AA92-3283CF551156}"
EndProject
Global
	GlobalSection(SolutionConfigurationPlatforms) = preSolution
		Debug|Any CPU = Debug|Any CPU
		Release|Any CPU = Release|Any CPU
	EndGlobalSection
	GlobalSection(ProjectConfigurationPlatforms) = postSolution
		{90D0A03C-1B0D-4904-AA92-3283CF551156}.Debug|Any CPU.ActiveCfg = Debug|Any CPU
		{90D0A03C-1B0D-4904-AA92-3283CF551156}.Release|Any CPU.ActiveCfg = Release|Any CPU
	EndGlobalSection
	GlobalSection(SolutionProperties) = preSolution
		HideSolutionNode = FALSE
	EndGlobalSection
	GlobalSection(ExtensibilityGlobals) = postSolution
		SolutionGuid = {2119B03D-8A3D-4F49-B073-4B32BA017630}
	EndGlobalSection
EndGlobal
