
Microsoft Visual Studio Solution File, Format Version 12.00
# Visual Studio Version 17
VisualStudioVersion = 17.14.36511.14 d17.14
MinimumVisualStudioVersion = 10.0.40219.1
Project("{888888A0-9F3D-457C-B088-3A5042F75D52}") = "PS5P1", "PS5P1.pyproj", "{F7C596E0-CAC4-4289-B341-061E3EC2D3D4}"
EndProject
Global
	GlobalSection(SolutionConfigurationPlatforms) = preSolution
		Debug|Any CPU = Debug|Any CPU
		Release|Any CPU = Release|Any CPU
	EndGlobalSection
	GlobalSection(ProjectConfigurationPlatforms) = postSolution
		{F7C596E0-CAC4-4289-B341-061E3EC2D3D4}.Debug|Any CPU.ActiveCfg = Debug|Any CPU
		{F7C596E0-CAC4-4289-B341-061E3EC2D3D4}.Release|Any CPU.ActiveCfg = Release|Any CPU
	EndGlobalSection
	GlobalSection(SolutionProperties) = preSolution
		HideSolutionNode = FALSE
	EndGlobalSection
	GlobalSection(ExtensibilityGlobals) = postSolution
		SolutionGuid = {F8F7BDC5-9A5A-42E9-BD70-5D978096D51C}
	EndGlobalSection
EndGlobal
