
Microsoft Visual Studio Solution File, Format Version 12.00
# Visual Studio Version 17
VisualStudioVersion = 17.14.36511.14 d17.14
MinimumVisualStudioVersion = 10.0.40219.1
Project("{888888A0-9F3D-457C-B088-3A5042F75D52}") = "PS4P2", "PS4P2.pyproj", "{1E1D1071-72FD-4062-8C41-1E40F112AD2B}"
EndProject
Global
	GlobalSection(SolutionConfigurationPlatforms) = preSolution
		Debug|Any CPU = Debug|Any CPU
		Release|Any CPU = Release|Any CPU
	EndGlobalSection
	GlobalSection(ProjectConfigurationPlatforms) = postSolution
		{1E1D1071-72FD-4062-8C41-1E40F112AD2B}.Debug|Any CPU.ActiveCfg = Debug|Any CPU
		{1E1D1071-72FD-4062-8C41-1E40F112AD2B}.Release|Any CPU.ActiveCfg = Release|Any CPU
	EndGlobalSection
	GlobalSection(SolutionProperties) = preSolution
		HideSolutionNode = FALSE
	EndGlobalSection
	GlobalSection(ExtensibilityGlobals) = postSolution
		SolutionGuid = {47CC5EA0-1084-4840-BC70-619B6670DD99}
	EndGlobalSection
EndGlobal
