
Microsoft Visual Studio Solution File, Format Version 12.00
# Visual Studio Version 17
VisualStudioVersion = 17.14.36511.14 d17.14
MinimumVisualStudioVersion = 10.0.40219.1
Project("{888888A0-9F3D-457C-B088-3A5042F75D52}") = "PS4P4", "PS4P4.pyproj", "{B812E0D6-0674-42F4-8658-D350A3128980}"
EndProject
Global
	GlobalSection(SolutionConfigurationPlatforms) = preSolution
		Debug|Any CPU = Debug|Any CPU
		Release|Any CPU = Release|Any CPU
	EndGlobalSection
	GlobalSection(ProjectConfigurationPlatforms) = postSolution
		{B812E0D6-0674-42F4-8658-D350A3128980}.Debug|Any CPU.ActiveCfg = Debug|Any CPU
		{B812E0D6-0674-42F4-8658-D350A3128980}.Release|Any CPU.ActiveCfg = Release|Any CPU
	EndGlobalSection
	GlobalSection(SolutionProperties) = preSolution
		HideSolutionNode = FALSE
	EndGlobalSection
	GlobalSection(ExtensibilityGlobals) = postSolution
		SolutionGuid = {0AA0F6FD-8D96-4C18-8915-28ECBE66FB29}
	EndGlobalSection
EndGlobal
