
Microsoft Visual Studio Solution File, Format Version 12.00
# Visual Studio Version 17
VisualStudioVersion = 17.14.36511.14 d17.14
MinimumVisualStudioVersion = 10.0.40219.1
Project("{888888A0-9F3D-457C-B088-3A5042F75D52}") = "PS10P5", "PS10P5.pyproj", "{F1DB01EF-703B-477E-A0A0-584AEB7ACB81}"
EndProject
Global
	GlobalSection(SolutionConfigurationPlatforms) = preSolution
		Debug|Any CPU = Debug|Any CPU
		Release|Any CPU = Release|Any CPU
	EndGlobalSection
	GlobalSection(ProjectConfigurationPlatforms) = postSolution
		{F1DB01EF-703B-477E-A0A0-584AEB7ACB81}.Debug|Any CPU.ActiveCfg = Debug|Any CPU
		{F1DB01EF-703B-477E-A0A0-584AEB7ACB81}.Release|Any CPU.ActiveCfg = Release|Any CPU
	EndGlobalSection
	GlobalSection(SolutionProperties) = preSolution
		HideSolutionNode = FALSE
	EndGlobalSection
	GlobalSection(ExtensibilityGlobals) = postSolution
		SolutionGuid = {C82EB6EA-7549-499C-9B52-4220BE67C057}
	EndGlobalSection
EndGlobal
