
Microsoft Visual Studio Solution File, Format Version 12.00
# Visual Studio Version 17
VisualStudioVersion = 17.14.36511.14 d17.14
MinimumVisualStudioVersion = 10.0.40219.1
Project("{888888A0-9F3D-457C-B088-3A5042F75D52}") = "PS6P4", "PS6P4.pyproj", "{ADAA1089-9CC9-4FB9-9EAA-66BFC6FC9CDC}"
EndProject
Global
	GlobalSection(SolutionConfigurationPlatforms) = preSolution
		Debug|Any CPU = Debug|Any CPU
		Release|Any CPU = Release|Any CPU
	EndGlobalSection
	GlobalSection(ProjectConfigurationPlatforms) = postSolution
		{ADAA1089-9CC9-4FB9-9EAA-66BFC6FC9CDC}.Debug|Any CPU.ActiveCfg = Debug|Any CPU
		{ADAA1089-9CC9-4FB9-9EAA-66BFC6FC9CDC}.Release|Any CPU.ActiveCfg = Release|Any CPU
	EndGlobalSection
	GlobalSection(SolutionProperties) = preSolution
		HideSolutionNode = FALSE
	EndGlobalSection
	GlobalSection(ExtensibilityGlobals) = postSolution
		SolutionGuid = {7253B766-E969-4D99-B5E6-01F20B588F7C}
	EndGlobalSection
EndGlobal
